{
  "name": "testing-workflow",
  "version": "1.0.0",
  "lockfileVersion": 3,
  "requires": true,
  "packages": {
    "": {
      "name": "testing-workflow",
      "version": "1.0.0",
      "devDependencies": {
        "ai-delivery-workflow": "file:releases/ai-delivery-workflow-1.0.0.tgz"
      },
      "engines": {
        "node": ">=22"
      }
    },
    "node_modules/ai-delivery-workflow": {
      "version": "1.0.0",
      "resolved": "file:releases/ai-delivery-workflow-1.0.0.tgz",
      "integrity": "sha512-BEBpgEUgXrZ9K0UuDOUz1ePZR1H0KZfGCGUBbcujy9YbH733noXXeh5oeRf6VTju7fwuZyE5SBya82OW+E7gyw==",
      "dev": true,
      "license": "UNLICENSED",
      "bin": {
        "ai-delivery": "dist/src/cli/main.js"
      },
      "engines": {
        "node": ">=22"
      }
    }
  }
}
